
Microsoft Visual Studio Solution File, Format Version 12.00
# Visual Studio Version 17
VisualStudioVersion = 17.14.36121.58
MinimumVisualStudioVersion = 10.0.40219.1
Project("{2150E333-8FDC-42A3-9474-1A3956D46DE8}") = "BE", "BE", "{02EA681E-C7D8-13C7-8484-4AC65E1B71E8}"
EndProject
Project("{2150E333-8FDC-42A3-9474-1A3956D46DE8}") = "FE", "FE", "{C052FCA5-BABE-4BAB-8B9E-6D2F6AF18592}"
EndProject
Project("{FAE04EC0-301F-11D3-BF4B-00C04F79EFBC}") = "ControllerLayer", "ControllerLayer\ControllerLayer.csproj", "{5F4F4CAA-46FB-4E5F-88E6-2D3AFCD1D755}"
EndProject
Project("{FAE04EC0-301F-11D3-BF4B-00C04F79EFBC}") = "ApplicationLayer", "ApplicationLayer\ApplicationLayer.csproj", "{2D90350A-C498-4087-A4CC-27909DF6784B}"
EndProject
Project("{FAE04EC0-301F-11D3-BF4B-00C04F79EFBC}") = "DomainLayer", "DomainLayer\DomainLayer.csproj", "{521E25BE-0B56-4E05-97CC-4317A28621DD}"
EndProject
Project("{FAE04EC0-301F-11D3-BF4B-00C04F79EFBC}") = "InfrastructureLayer", "InfrastructureLayer\InfrastructureLayer.csproj", "{2A65FB73-EA10-4B5E-B90C-2C8FC1E97338}"
EndProject
Project("{FAE04EC0-301F-11D3-BF4B-00C04F79EFBC}") = "UI", "UI\UI.csproj", "{81D9EF50-B81A-490B-B62B-D4F2C435945A}"
EndProject
Global
	GlobalSection(SolutionConfigurationPlatforms) = preSolution
		Debug|Any CPU = Debug|Any CPU
		Release|Any CPU = Release|Any CPU
	EndGlobalSection
	GlobalSection(ProjectConfigurationPlatforms) = postSolution
		{5F4F4CAA-46FB-4E5F-88E6-2D3AFCD1D755}.Debug|Any CPU.ActiveCfg = Debug|Any CPU
		{5F4F4CAA-46FB-4E5F-88E6-2D3AFCD1D755}.Debug|Any CPU.Build.0 = Debug|Any CPU
		{5F4F4CAA-46FB-4E5F-88E6-2D3AFCD1D755}.Release|Any CPU.ActiveCfg = Release|Any CPU
		{5F4F4CAA-46FB-4E5F-88E6-2D3AFCD1D755}.Release|Any CPU.Build.0 = Release|Any CPU
		{2D90350A-C498-4087-A4CC-27909DF6784B}.Debug|Any CPU.ActiveCfg = Debug|Any CPU
		{2D90350A-C498-4087-A4CC-27909DF6784B}.Debug|Any CPU.Build.0 = Debug|Any CPU
		{2D90350A-C498-4087-A4CC-27909DF6784B}.Release|Any CPU.ActiveCfg = Release|Any CPU
		{2D90350A-C498-4087-A4CC-27909DF6784B}.Release|Any CPU.Build.0 = Release|Any CPU
		{521E25BE-0B56-4E05-97CC-4317A28621DD}.Debug|Any CPU.ActiveCfg = Debug|Any CPU
		{521E25BE-0B56-4E05-97CC-4317A28621DD}.Debug|Any CPU.Build.0 = Debug|Any CPU
		{521E25BE-0B56-4E05-97CC-4317A28621DD}.Release|Any CPU.ActiveCfg = Release|Any CPU
		{521E25BE-0B56-4E05-97CC-4317A28621DD}.Release|Any CPU.Build.0 = Release|Any CPU
		{2A65FB73-EA10-4B5E-B90C-2C8FC1E97338}.Debug|Any CPU.ActiveCfg = Debug|Any CPU
		{2A65FB73-EA10-4B5E-B90C-2C8FC1E97338}.Debug|Any CPU.Build.0 = Debug|Any CPU
		{2A65FB73-EA10-4B5E-B90C-2C8FC1E97338}.Release|Any CPU.ActiveCfg = Release|Any CPU
		{2A65FB73-EA10-4B5E-B90C-2C8FC1E97338}.Release|Any CPU.Build.0 = Release|Any CPU
		{81D9EF50-B81A-490B-B62B-D4F2C435945A}.Debug|Any CPU.ActiveCfg = Debug|Any CPU
		{81D9EF50-B81A-490B-B62B-D4F2C435945A}.Debug|Any CPU.Build.0 = Debug|Any CPU
		{81D9EF50-B81A-490B-B62B-D4F2C435945A}.Release|Any CPU.ActiveCfg = Release|Any CPU
		{81D9EF50-B81A-490B-B62B-D4F2C435945A}.Release|Any CPU.Build.0 = Release|Any CPU
	EndGlobalSection
	GlobalSection(SolutionProperties) = preSolution
		HideSolutionNode = FALSE
	EndGlobalSection
	GlobalSection(NestedProjects) = preSolution
		{5F4F4CAA-46FB-4E5F-88E6-2D3AFCD1D755} = {02EA681E-C7D8-13C7-8484-4AC65E1B71E8}
		{2D90350A-C498-4087-A4CC-27909DF6784B} = {02EA681E-C7D8-13C7-8484-4AC65E1B71E8}
		{521E25BE-0B56-4E05-97CC-4317A28621DD} = {02EA681E-C7D8-13C7-8484-4AC65E1B71E8}
		{2A65FB73-EA10-4B5E-B90C-2C8FC1E97338} = {02EA681E-C7D8-13C7-8484-4AC65E1B71E8}
		{81D9EF50-B81A-490B-B62B-D4F2C435945A} = {C052FCA5-BABE-4BAB-8B9E-6D2F6AF18592}
	EndGlobalSection
	GlobalSection(ExtensibilityGlobals) = postSolution
		SolutionGuid = {5F6D498B-7BBF-45C1-9444-72A43DE58F35}
	EndGlobalSection
EndGlobal
