
Microsoft Visual Studio Solution File, Format Version 12.00
# Visual Studio Version 17
VisualStudioVersion = 17.14.36221.1 d17.14
MinimumVisualStudioVersion = 10.0.40219.1
Project("{FAE04EC0-301F-11D3-BF4B-00C04F79EFBC}") = "ControllerLayer", "ControllerLayer\ControllerLayer.csproj", "{8BE6C01C-644C-40B4-B48F-FAFF9E044E94}"
EndProject
Project("{FAE04EC0-301F-11D3-BF4B-00C04F79EFBC}") = "DomainLayer", "DomainLayer\DomainLayer.csproj", "{47905C42-A61B-4331-9F20-4BDA3460DF6B}"
EndProject
Project("{FAE04EC0-301F-11D3-BF4B-00C04F79EFBC}") = "ApplicationLayer", "ApplicationLayer\ApplicationLayer.csproj", "{9C68CCE5-F86F-4BD2-816A-487F97374CF1}"
EndProject
Project("{FAE04EC0-301F-11D3-BF4B-00C04F79EFBC}") = "InfrastructureLayer", "InfrastructureLayer\InfrastructureLayer.csproj", "{70948139-199D-4009-B69B-9483FAB4489D}"
EndProject
Global
	GlobalSection(SolutionConfigurationPlatforms) = preSolution
		Debug|Any CPU = Debug|Any CPU
		Release|Any CPU = Release|Any CPU
	EndGlobalSection
	GlobalSection(ProjectConfigurationPlatforms) = postSolution
		{8BE6C01C-644C-40B4-B48F-FAFF9E044E94}.Debug|Any CPU.ActiveCfg = Debug|Any CPU
		{8BE6C01C-644C-40B4-B48F-FAFF9E044E94}.Debug|Any CPU.Build.0 = Debug|Any CPU
		{8BE6C01C-644C-40B4-B48F-FAFF9E044E94}.Release|Any CPU.ActiveCfg = Release|Any CPU
		{8BE6C01C-644C-40B4-B48F-FAFF9E044E94}.Release|Any CPU.Build.0 = Release|Any CPU
		{47905C42-A61B-4331-9F20-4BDA3460DF6B}.Debug|Any CPU.ActiveCfg = Debug|Any CPU
		{47905C42-A61B-4331-9F20-4BDA3460DF6B}.Debug|Any CPU.Build.0 = Debug|Any CPU
		{47905C42-A61B-4331-9F20-4BDA3460DF6B}.Release|Any CPU.ActiveCfg = Release|Any CPU
		{47905C42-A61B-4331-9F20-4BDA3460DF6B}.Release|Any CPU.Build.0 = Release|Any CPU
		{9C68CCE5-F86F-4BD2-816A-487F97374CF1}.Debug|Any CPU.ActiveCfg = Debug|Any CPU
		{9C68CCE5-F86F-4BD2-816A-487F97374CF1}.Debug|Any CPU.Build.0 = Debug|Any CPU
		{9C68CCE5-F86F-4BD2-816A-487F97374CF1}.Release|Any CPU.ActiveCfg = Release|Any CPU
		{9C68CCE5-F86F-4BD2-816A-487F97374CF1}.Release|Any CPU.Build.0 = Release|Any CPU
		{70948139-199D-4009-B69B-9483FAB4489D}.Debug|Any CPU.ActiveCfg = Debug|Any CPU
		{70948139-199D-4009-B69B-9483FAB4489D}.Debug|Any CPU.Build.0 = Debug|Any CPU
		{70948139-199D-4009-B69B-9483FAB4489D}.Release|Any CPU.ActiveCfg = Release|Any CPU
		{70948139-199D-4009-B69B-9483FAB4489D}.Release|Any CPU.Build.0 = Release|Any CPU
	EndGlobalSection
	GlobalSection(SolutionProperties) = preSolution
		HideSolutionNode = FALSE
	EndGlobalSection
	GlobalSection(ExtensibilityGlobals) = postSolution
		SolutionGuid = {2A33B37C-1A59-45E5-A353-7F90D761169E}
	EndGlobalSection
EndGlobal
